
Microsoft Visual Studio Solution File, Format Version 12.00
# Visual Studio Version 17
VisualStudioVersion = 17.1.32319.34
MinimumVisualStudioVersion = 10.0.40219.1
Project("{FAE04EC0-301F-11D3-BF4B-00C04F79EFBC}") = "Gui Speed(4)", "Gui Speed(4)\Gui Speed(4).csproj", "{44659734-6F8F-4E26-9871-81755DEDDD8C}"
EndProject
Project("{FAE04EC0-301F-11D3-BF4B-00C04F79EFBC}") = "Gui Speed(4)Tests", "Gui Speed(4)Tests\Gui Speed(4)Tests.csproj", "{E2D5880C-0A87-45B5-A566-2E9E3278171A}"
EndProject
Global
	GlobalSection(SolutionConfigurationPlatforms) = preSolution
		Debug|Any CPU = Debug|Any CPU
		Release|Any CPU = Release|Any CPU
	EndGlobalSection
	GlobalSection(ProjectConfigurationPlatforms) = postSolution
		{44659734-6F8F-4E26-9871-81755DEDDD8C}.Debug|Any CPU.ActiveCfg = Debug|Any CPU
		{44659734-6F8F-4E26-9871-81755DEDDD8C}.Debug|Any CPU.Build.0 = Debug|Any CPU
		{44659734-6F8F-4E26-9871-81755DEDDD8C}.Release|Any CPU.ActiveCfg = Release|Any CPU
		{44659734-6F8F-4E26-9871-81755DEDDD8C}.Release|Any CPU.Build.0 = Release|Any CPU
		{E2D5880C-0A87-45B5-A566-2E9E3278171A}.Debug|Any CPU.ActiveCfg = Debug|Any CPU
		{E2D5880C-0A87-45B5-A566-2E9E3278171A}.Debug|Any CPU.Build.0 = Debug|Any CPU
		{E2D5880C-0A87-45B5-A566-2E9E3278171A}.Release|Any CPU.ActiveCfg = Release|Any CPU
		{E2D5880C-0A87-45B5-A566-2E9E3278171A}.Release|Any CPU.Build.0 = Release|Any CPU
	EndGlobalSection
	GlobalSection(SolutionProperties) = preSolution
		HideSolutionNode = FALSE
	EndGlobalSection
	GlobalSection(ExtensibilityGlobals) = postSolution
		SolutionGuid = {53411F5F-C279-45BD-87EF-DA971D28CC7E}
	EndGlobalSection
EndGlobal
